
Microsoft Visual Studio Solution File, Format Version 12.00
# Visual Studio 15
VisualStudioVersion = 15.0.28307.168
MinimumVisualStudioVersion = 10.0.40219.1
Project("{FAE04EC0-301F-11D3-BF4B-00C04F79EFBC}") = "ForLoop", "ForLoop\ForLoop.csproj", "{36FE92A1-01C0-4FED-8493-BDD13769012A}"
EndProject
Global
	GlobalSection(SolutionConfigurationPlatforms) = preSolution
		Debug|Any CPU = Debug|Any CPU
		Release|Any CPU = Release|Any CPU
	EndGlobalSection
	GlobalSection(ProjectConfigurationPlatforms) = postSolution
		{36FE92A1-01C0-4FED-8493-BDD13769012A}.Debug|Any CPU.ActiveCfg = Debug|Any CPU
		{36FE92A1-01C0-4FED-8493-BDD13769012A}.Debug|Any CPU.Build.0 = Debug|Any CPU
		{36FE92A1-01C0-4FED-8493-BDD13769012A}.Release|Any CPU.ActiveCfg = Release|Any CPU
		{36FE92A1-01C0-4FED-8493-BDD13769012A}.Release|Any CPU.Build.0 = Release|Any CPU
	EndGlobalSection
	GlobalSection(SolutionProperties) = preSolution
		HideSolutionNode = FALSE
	EndGlobalSection
	GlobalSection(ExtensibilityGlobals) = postSolution
		SolutionGuid = {C409DB6A-6F44-4818-9C2A-0D80178ACC1A}
	EndGlobalSection
EndGlobal
